
Microsoft Visual Studio Solution File, Format Version 12.00
# Visual Studio 15
VisualStudioVersion = 15.0.27130.2003
MinimumVisualStudioVersion = 10.0.40219.1
Project("{FAE04EC0-301F-11D3-BF4B-00C04F79EFBC}") = "MyDatabaseDoc.DataAccess", "MyDatabaseDoc.DataAccess\MyDatabaseDoc.DataAccess.csproj", "{520A3AF9-9219-477D-B0C4-42A15F530AA0}"
EndProject
Project("{FAE04EC0-301F-11D3-BF4B-00C04F79EFBC}") = "MyDatabaseDoc.Service", "MyDatabaseDoc.Service\MyDatabaseDoc.Service.csproj", "{8C53F14B-9B13-4087-AAD0-70FE5712591D}"
EndProject
Project("{FAE04EC0-301F-11D3-BF4B-00C04F79EFBC}") = "MyDatabaseDoc.Mvc", "MyDatabaseDoc.Mvc\MyDatabaseDoc.Mvc.csproj", "{C4C0333D-15C2-46A8-ABBC-DD20D7B22278}"
EndProject
Project("{FAE04EC0-301F-11D3-BF4B-00C04F79EFBC}") = "MyDatabaseDoc.Builder", "MyDatabaseDoc.Builder\MyDatabaseDoc.Builder.csproj", "{35D0A0F6-B477-40F8-B6E2-4C00ADCBC9CA}"
EndProject
Project("{FAE04EC0-301F-11D3-BF4B-00C04F79EFBC}") = "MyDatabaseDoc.DataAccess.Test", "MyDatabaseDoc.DataAccess.Test\MyDatabaseDoc.DataAccess.Test.csproj", "{F7F0F559-0B31-453A-A942-C401B4154271}"
EndProject
Global
	GlobalSection(SolutionConfigurationPlatforms) = preSolution
		Debug|Any CPU = Debug|Any CPU
		Release|Any CPU = Release|Any CPU
	EndGlobalSection
	GlobalSection(ProjectConfigurationPlatforms) = postSolution
		{520A3AF9-9219-477D-B0C4-42A15F530AA0}.Debug|Any CPU.ActiveCfg = Debug|Any CPU
		{520A3AF9-9219-477D-B0C4-42A15F530AA0}.Debug|Any CPU.Build.0 = Debug|Any CPU
		{520A3AF9-9219-477D-B0C4-42A15F530AA0}.Release|Any CPU.ActiveCfg = Release|Any CPU
		{520A3AF9-9219-477D-B0C4-42A15F530AA0}.Release|Any CPU.Build.0 = Release|Any CPU
		{8C53F14B-9B13-4087-AAD0-70FE5712591D}.Debug|Any CPU.ActiveCfg = Debug|Any CPU
		{8C53F14B-9B13-4087-AAD0-70FE5712591D}.Debug|Any CPU.Build.0 = Debug|Any CPU
		{8C53F14B-9B13-4087-AAD0-70FE5712591D}.Release|Any CPU.ActiveCfg = Release|Any CPU
		{8C53F14B-9B13-4087-AAD0-70FE5712591D}.Release|Any CPU.Build.0 = Release|Any CPU
		{C4C0333D-15C2-46A8-ABBC-DD20D7B22278}.Debug|Any CPU.ActiveCfg = Debug|Any CPU
		{C4C0333D-15C2-46A8-ABBC-DD20D7B22278}.Debug|Any CPU.Build.0 = Debug|Any CPU
		{C4C0333D-15C2-46A8-ABBC-DD20D7B22278}.Release|Any CPU.ActiveCfg = Release|Any CPU
		{C4C0333D-15C2-46A8-ABBC-DD20D7B22278}.Release|Any CPU.Build.0 = Release|Any CPU
		{35D0A0F6-B477-40F8-B6E2-4C00ADCBC9CA}.Debug|Any CPU.ActiveCfg = Debug|Any CPU
		{35D0A0F6-B477-40F8-B6E2-4C00ADCBC9CA}.Debug|Any CPU.Build.0 = Debug|Any CPU
		{35D0A0F6-B477-40F8-B6E2-4C00ADCBC9CA}.Release|Any CPU.ActiveCfg = Release|Any CPU
		{35D0A0F6-B477-40F8-B6E2-4C00ADCBC9CA}.Release|Any CPU.Build.0 = Release|Any CPU
		{F7F0F559-0B31-453A-A942-C401B4154271}.Debug|Any CPU.ActiveCfg = Debug|Any CPU
		{F7F0F559-0B31-453A-A942-C401B4154271}.Debug|Any CPU.Build.0 = Debug|Any CPU
		{F7F0F559-0B31-453A-A942-C401B4154271}.Release|Any CPU.ActiveCfg = Release|Any CPU
		{F7F0F559-0B31-453A-A942-C401B4154271}.Release|Any CPU.Build.0 = Release|Any CPU
	EndGlobalSection
	GlobalSection(SolutionProperties) = preSolution
		HideSolutionNode = FALSE
	EndGlobalSection
	GlobalSection(ExtensibilityGlobals) = postSolution
		SolutionGuid = {A5E0B3C1-2ACD-461E-B56F-B81FA061B390}
	EndGlobalSection
EndGlobal
