
Microsoft Visual Studio Solution File, Format Version 12.00
# Visual Studio 2013
VisualStudioVersion = 12.0.40629.0
MinimumVisualStudioVersion = 10.0.40219.1
Project("{FAE04EC0-301F-11D3-BF4B-00C04F79EFBC}") = "MyMoney.DataAccess", "MyMoney.DataAccess\MyMoney.DataAccess.csproj", "{FF8DEAD3-616A-4FB8-8ED9-2AC096309CED}"
EndProject
Project("{FAE04EC0-301F-11D3-BF4B-00C04F79EFBC}") = "MyMoney.Service", "MyMoney.Service\MyMoney.Service.csproj", "{8C463D0E-BDBE-433C-B59C-0F43E295AF34}"
EndProject
Project("{FAE04EC0-301F-11D3-BF4B-00C04F79EFBC}") = "MyMoney.DataAccess.Test", "MyMoney.DataAccess.Test\MyMoney.DataAccess.Test.csproj", "{87F82370-BC54-4464-A56D-5EF54C02A931}"
EndProject
Project("{FAE04EC0-301F-11D3-BF4B-00C04F79EFBC}") = "MyMoney.Service.Test", "MyMoney.Service.Test\MyMoney.Service.Test.csproj", "{8504F7F6-259A-4C52-B053-0B1D440507A9}"
EndProject
Global
	GlobalSection(SolutionConfigurationPlatforms) = preSolution
		Debug|Any CPU = Debug|Any CPU
		Release|Any CPU = Release|Any CPU
	EndGlobalSection
	GlobalSection(ProjectConfigurationPlatforms) = postSolution
		{FF8DEAD3-616A-4FB8-8ED9-2AC096309CED}.Debug|Any CPU.ActiveCfg = Debug|Any CPU
		{FF8DEAD3-616A-4FB8-8ED9-2AC096309CED}.Debug|Any CPU.Build.0 = Debug|Any CPU
		{FF8DEAD3-616A-4FB8-8ED9-2AC096309CED}.Release|Any CPU.ActiveCfg = Release|Any CPU
		{FF8DEAD3-616A-4FB8-8ED9-2AC096309CED}.Release|Any CPU.Build.0 = Release|Any CPU
		{8C463D0E-BDBE-433C-B59C-0F43E295AF34}.Debug|Any CPU.ActiveCfg = Debug|Any CPU
		{8C463D0E-BDBE-433C-B59C-0F43E295AF34}.Debug|Any CPU.Build.0 = Debug|Any CPU
		{8C463D0E-BDBE-433C-B59C-0F43E295AF34}.Release|Any CPU.ActiveCfg = Release|Any CPU
		{8C463D0E-BDBE-433C-B59C-0F43E295AF34}.Release|Any CPU.Build.0 = Release|Any CPU
		{87F82370-BC54-4464-A56D-5EF54C02A931}.Debug|Any CPU.ActiveCfg = Debug|Any CPU
		{87F82370-BC54-4464-A56D-5EF54C02A931}.Debug|Any CPU.Build.0 = Debug|Any CPU
		{87F82370-BC54-4464-A56D-5EF54C02A931}.Release|Any CPU.ActiveCfg = Release|Any CPU
		{87F82370-BC54-4464-A56D-5EF54C02A931}.Release|Any CPU.Build.0 = Release|Any CPU
		{8504F7F6-259A-4C52-B053-0B1D440507A9}.Debug|Any CPU.ActiveCfg = Debug|Any CPU
		{8504F7F6-259A-4C52-B053-0B1D440507A9}.Debug|Any CPU.Build.0 = Debug|Any CPU
		{8504F7F6-259A-4C52-B053-0B1D440507A9}.Release|Any CPU.ActiveCfg = Release|Any CPU
		{8504F7F6-259A-4C52-B053-0B1D440507A9}.Release|Any CPU.Build.0 = Release|Any CPU
	EndGlobalSection
	GlobalSection(SolutionProperties) = preSolution
		HideSolutionNode = FALSE
	EndGlobalSection
EndGlobal
