
Microsoft Visual Studio Solution File, Format Version 12.00
# Visual Studio 2013
VisualStudioVersion = 12.0.40629.0
MinimumVisualStudioVersion = 10.0.40219.1
Project("{FAE04EC0-301F-11D3-BF4B-00C04F79EFBC}") = "MySystemConfig.DataAccess", "MySystemConfig.DataAccess\MySystemConfig.DataAccess.csproj", "{418E166C-6227-4B0B-A1D0-B3696FB2AE81}"
EndProject
Project("{FAE04EC0-301F-11D3-BF4B-00C04F79EFBC}") = "MySystemConfig.Service", "MySystemConfig.Service\MySystemConfig.Service.csproj", "{EC1975D2-54E3-46BF-9907-2C65FD9D1CE2}"
EndProject
Project("{FAE04EC0-301F-11D3-BF4B-00C04F79EFBC}") = "MySystemConfig.DataAccess.Test", "MySystemConfig.DataAccess.Test\MySystemConfig.DataAccess.Test.csproj", "{17B6CB5A-4C7E-413B-9BEB-0C13A46BA34B}"
EndProject
Project("{FAE04EC0-301F-11D3-BF4B-00C04F79EFBC}") = "MySystemConfig.Service.Test", "MySystemConfig.Service.Test\MySystemConfig.Service.Test.csproj", "{DF4F7910-AEE2-46D1-AF31-081809FB11DC}"
EndProject
Project("{FAE04EC0-301F-11D3-BF4B-00C04F79EFBC}") = "MySystemConfig.Mvc", "MySystemConfig.Mvc\MySystemConfig.Mvc.csproj", "{AACEA4E7-1CAB-4EA1-A191-3ADF57556B16}"
EndProject
Global
	GlobalSection(SolutionConfigurationPlatforms) = preSolution
		Debug|Any CPU = Debug|Any CPU
		Debug|Mixed Platforms = Debug|Mixed Platforms
		Debug|x86 = Debug|x86
		Release|Any CPU = Release|Any CPU
		Release|Mixed Platforms = Release|Mixed Platforms
		Release|x86 = Release|x86
	EndGlobalSection
	GlobalSection(ProjectConfigurationPlatforms) = postSolution
		{418E166C-6227-4B0B-A1D0-B3696FB2AE81}.Debug|Any CPU.ActiveCfg = Debug|Any CPU
		{418E166C-6227-4B0B-A1D0-B3696FB2AE81}.Debug|Any CPU.Build.0 = Debug|Any CPU
		{418E166C-6227-4B0B-A1D0-B3696FB2AE81}.Debug|Mixed Platforms.ActiveCfg = Debug|Any CPU
		{418E166C-6227-4B0B-A1D0-B3696FB2AE81}.Debug|Mixed Platforms.Build.0 = Debug|Any CPU
		{418E166C-6227-4B0B-A1D0-B3696FB2AE81}.Debug|x86.ActiveCfg = Debug|Any CPU
		{418E166C-6227-4B0B-A1D0-B3696FB2AE81}.Release|Any CPU.ActiveCfg = Release|Any CPU
		{418E166C-6227-4B0B-A1D0-B3696FB2AE81}.Release|Any CPU.Build.0 = Release|Any CPU
		{418E166C-6227-4B0B-A1D0-B3696FB2AE81}.Release|Mixed Platforms.ActiveCfg = Release|Any CPU
		{418E166C-6227-4B0B-A1D0-B3696FB2AE81}.Release|Mixed Platforms.Build.0 = Release|Any CPU
		{418E166C-6227-4B0B-A1D0-B3696FB2AE81}.Release|x86.ActiveCfg = Release|Any CPU
		{EC1975D2-54E3-46BF-9907-2C65FD9D1CE2}.Debug|Any CPU.ActiveCfg = Debug|Any CPU
		{EC1975D2-54E3-46BF-9907-2C65FD9D1CE2}.Debug|Any CPU.Build.0 = Debug|Any CPU
		{EC1975D2-54E3-46BF-9907-2C65FD9D1CE2}.Debug|Mixed Platforms.ActiveCfg = Debug|Any CPU
		{EC1975D2-54E3-46BF-9907-2C65FD9D1CE2}.Debug|Mixed Platforms.Build.0 = Debug|Any CPU
		{EC1975D2-54E3-46BF-9907-2C65FD9D1CE2}.Debug|x86.ActiveCfg = Debug|Any CPU
		{EC1975D2-54E3-46BF-9907-2C65FD9D1CE2}.Release|Any CPU.ActiveCfg = Release|Any CPU
		{EC1975D2-54E3-46BF-9907-2C65FD9D1CE2}.Release|Any CPU.Build.0 = Release|Any CPU
		{EC1975D2-54E3-46BF-9907-2C65FD9D1CE2}.Release|Mixed Platforms.ActiveCfg = Release|Any CPU
		{EC1975D2-54E3-46BF-9907-2C65FD9D1CE2}.Release|Mixed Platforms.Build.0 = Release|Any CPU
		{EC1975D2-54E3-46BF-9907-2C65FD9D1CE2}.Release|x86.ActiveCfg = Release|Any CPU
		{17B6CB5A-4C7E-413B-9BEB-0C13A46BA34B}.Debug|Any CPU.ActiveCfg = Debug|Any CPU
		{17B6CB5A-4C7E-413B-9BEB-0C13A46BA34B}.Debug|Any CPU.Build.0 = Debug|Any CPU
		{17B6CB5A-4C7E-413B-9BEB-0C13A46BA34B}.Debug|Mixed Platforms.ActiveCfg = Debug|Any CPU
		{17B6CB5A-4C7E-413B-9BEB-0C13A46BA34B}.Debug|Mixed Platforms.Build.0 = Debug|Any CPU
		{17B6CB5A-4C7E-413B-9BEB-0C13A46BA34B}.Debug|x86.ActiveCfg = Debug|Any CPU
		{17B6CB5A-4C7E-413B-9BEB-0C13A46BA34B}.Release|Any CPU.ActiveCfg = Release|Any CPU
		{17B6CB5A-4C7E-413B-9BEB-0C13A46BA34B}.Release|Any CPU.Build.0 = Release|Any CPU
		{17B6CB5A-4C7E-413B-9BEB-0C13A46BA34B}.Release|Mixed Platforms.ActiveCfg = Release|Any CPU
		{17B6CB5A-4C7E-413B-9BEB-0C13A46BA34B}.Release|Mixed Platforms.Build.0 = Release|Any CPU
		{17B6CB5A-4C7E-413B-9BEB-0C13A46BA34B}.Release|x86.ActiveCfg = Release|Any CPU
		{DF4F7910-AEE2-46D1-AF31-081809FB11DC}.Debug|Any CPU.ActiveCfg = Debug|Any CPU
		{DF4F7910-AEE2-46D1-AF31-081809FB11DC}.Debug|Any CPU.Build.0 = Debug|Any CPU
		{DF4F7910-AEE2-46D1-AF31-081809FB11DC}.Debug|Mixed Platforms.ActiveCfg = Debug|Any CPU
		{DF4F7910-AEE2-46D1-AF31-081809FB11DC}.Debug|Mixed Platforms.Build.0 = Debug|Any CPU
		{DF4F7910-AEE2-46D1-AF31-081809FB11DC}.Debug|x86.ActiveCfg = Debug|Any CPU
		{DF4F7910-AEE2-46D1-AF31-081809FB11DC}.Release|Any CPU.ActiveCfg = Release|Any CPU
		{DF4F7910-AEE2-46D1-AF31-081809FB11DC}.Release|Any CPU.Build.0 = Release|Any CPU
		{DF4F7910-AEE2-46D1-AF31-081809FB11DC}.Release|Mixed Platforms.ActiveCfg = Release|Any CPU
		{DF4F7910-AEE2-46D1-AF31-081809FB11DC}.Release|Mixed Platforms.Build.0 = Release|Any CPU
		{DF4F7910-AEE2-46D1-AF31-081809FB11DC}.Release|x86.ActiveCfg = Release|Any CPU
		{AACEA4E7-1CAB-4EA1-A191-3ADF57556B16}.Debug|Any CPU.ActiveCfg = Debug|Any CPU
		{AACEA4E7-1CAB-4EA1-A191-3ADF57556B16}.Debug|Any CPU.Build.0 = Debug|Any CPU
		{AACEA4E7-1CAB-4EA1-A191-3ADF57556B16}.Debug|Mixed Platforms.ActiveCfg = Debug|Any CPU
		{AACEA4E7-1CAB-4EA1-A191-3ADF57556B16}.Debug|Mixed Platforms.Build.0 = Debug|Any CPU
		{AACEA4E7-1CAB-4EA1-A191-3ADF57556B16}.Debug|x86.ActiveCfg = Debug|Any CPU
		{AACEA4E7-1CAB-4EA1-A191-3ADF57556B16}.Release|Any CPU.ActiveCfg = Release|Any CPU
		{AACEA4E7-1CAB-4EA1-A191-3ADF57556B16}.Release|Any CPU.Build.0 = Release|Any CPU
		{AACEA4E7-1CAB-4EA1-A191-3ADF57556B16}.Release|Mixed Platforms.ActiveCfg = Release|Any CPU
		{AACEA4E7-1CAB-4EA1-A191-3ADF57556B16}.Release|Mixed Platforms.Build.0 = Release|Any CPU
		{AACEA4E7-1CAB-4EA1-A191-3ADF57556B16}.Release|x86.ActiveCfg = Release|Any CPU
	EndGlobalSection
	GlobalSection(SolutionProperties) = preSolution
		HideSolutionNode = FALSE
	EndGlobalSection
EndGlobal
