
Microsoft Visual Studio Solution File, Format Version 12.00
# Visual Studio 2013
VisualStudioVersion = 12.0.40629.0
MinimumVisualStudioVersion = 10.0.40219.1
Project("{FAE04EC0-301F-11D3-BF4B-00C04F79EFBC}") = "MyWeb.DataAccess", "MyWeb.DataAccess\MyWeb.DataAccess.csproj", "{986D8730-CACA-4B64-B388-4D1190BFE9E1}"
EndProject
Project("{FAE04EC0-301F-11D3-BF4B-00C04F79EFBC}") = "MyWeb.DataAccess.Test", "MyWeb.DataAccess.Test\MyWeb.DataAccess.Test.csproj", "{B9CE8F86-F18D-44F2-B5CE-5C580F6F63F2}"
EndProject
Project("{FAE04EC0-301F-11D3-BF4B-00C04F79EFBC}") = "MyWeb.Service", "MyWeb.Service\MyWeb.Service.csproj", "{1EDBC910-062D-46FD-9930-2B82E3DF5F55}"
EndProject
Project("{FAE04EC0-301F-11D3-BF4B-00C04F79EFBC}") = "MyWeb.Mvc", "MyWeb.Mvc\MyWeb.Mvc.csproj", "{E1AF078A-4B2C-481C-8E9E-D020BABB0170}"
EndProject
Global
	GlobalSection(SolutionConfigurationPlatforms) = preSolution
		Debug|Any CPU = Debug|Any CPU
		Release|Any CPU = Release|Any CPU
	EndGlobalSection
	GlobalSection(ProjectConfigurationPlatforms) = postSolution
		{986D8730-CACA-4B64-B388-4D1190BFE9E1}.Debug|Any CPU.ActiveCfg = Debug|Any CPU
		{986D8730-CACA-4B64-B388-4D1190BFE9E1}.Debug|Any CPU.Build.0 = Debug|Any CPU
		{986D8730-CACA-4B64-B388-4D1190BFE9E1}.Release|Any CPU.ActiveCfg = Release|Any CPU
		{986D8730-CACA-4B64-B388-4D1190BFE9E1}.Release|Any CPU.Build.0 = Release|Any CPU
		{B9CE8F86-F18D-44F2-B5CE-5C580F6F63F2}.Debug|Any CPU.ActiveCfg = Debug|Any CPU
		{B9CE8F86-F18D-44F2-B5CE-5C580F6F63F2}.Debug|Any CPU.Build.0 = Debug|Any CPU
		{B9CE8F86-F18D-44F2-B5CE-5C580F6F63F2}.Release|Any CPU.ActiveCfg = Release|Any CPU
		{B9CE8F86-F18D-44F2-B5CE-5C580F6F63F2}.Release|Any CPU.Build.0 = Release|Any CPU
		{1EDBC910-062D-46FD-9930-2B82E3DF5F55}.Debug|Any CPU.ActiveCfg = Debug|Any CPU
		{1EDBC910-062D-46FD-9930-2B82E3DF5F55}.Debug|Any CPU.Build.0 = Debug|Any CPU
		{1EDBC910-062D-46FD-9930-2B82E3DF5F55}.Release|Any CPU.ActiveCfg = Release|Any CPU
		{1EDBC910-062D-46FD-9930-2B82E3DF5F55}.Release|Any CPU.Build.0 = Release|Any CPU
		{E1AF078A-4B2C-481C-8E9E-D020BABB0170}.Debug|Any CPU.ActiveCfg = Debug|Any CPU
		{E1AF078A-4B2C-481C-8E9E-D020BABB0170}.Debug|Any CPU.Build.0 = Debug|Any CPU
		{E1AF078A-4B2C-481C-8E9E-D020BABB0170}.Release|Any CPU.ActiveCfg = Release|Any CPU
		{E1AF078A-4B2C-481C-8E9E-D020BABB0170}.Release|Any CPU.Build.0 = Release|Any CPU
	EndGlobalSection
	GlobalSection(SolutionProperties) = preSolution
		HideSolutionNode = FALSE
	EndGlobalSection
EndGlobal
