
Microsoft Visual Studio Solution File, Format Version 12.00
# Visual Studio 2013
VisualStudioVersion = 12.0.40629.0
MinimumVisualStudioVersion = 10.0.40219.1
Project("{FAE04EC0-301F-11D3-BF4B-00C04F79EFBC}") = "MyWebCrawler.Service", "MyWebCrawler.Service\MyWebCrawler.Service.csproj", "{23AB856A-2270-48AE-863C-8DC84E69AEDA}"
EndProject
Project("{FAE04EC0-301F-11D3-BF4B-00C04F79EFBC}") = "MyWebCrawler.Service.Test", "MyWebCrawler.Service.Test\MyWebCrawler.Service.Test.csproj", "{85804DCE-A647-40CB-AACB-568184AE8BD5}"
EndProject
Global
	GlobalSection(SolutionConfigurationPlatforms) = preSolution
		Debug|Any CPU = Debug|Any CPU
		Release|Any CPU = Release|Any CPU
	EndGlobalSection
	GlobalSection(ProjectConfigurationPlatforms) = postSolution
		{23AB856A-2270-48AE-863C-8DC84E69AEDA}.Debug|Any CPU.ActiveCfg = Debug|Any CPU
		{23AB856A-2270-48AE-863C-8DC84E69AEDA}.Debug|Any CPU.Build.0 = Debug|Any CPU
		{23AB856A-2270-48AE-863C-8DC84E69AEDA}.Release|Any CPU.ActiveCfg = Release|Any CPU
		{23AB856A-2270-48AE-863C-8DC84E69AEDA}.Release|Any CPU.Build.0 = Release|Any CPU
		{85804DCE-A647-40CB-AACB-568184AE8BD5}.Debug|Any CPU.ActiveCfg = Debug|Any CPU
		{85804DCE-A647-40CB-AACB-568184AE8BD5}.Debug|Any CPU.Build.0 = Debug|Any CPU
		{85804DCE-A647-40CB-AACB-568184AE8BD5}.Release|Any CPU.ActiveCfg = Release|Any CPU
		{85804DCE-A647-40CB-AACB-568184AE8BD5}.Release|Any CPU.Build.0 = Release|Any CPU
	EndGlobalSection
	GlobalSection(SolutionProperties) = preSolution
		HideSolutionNode = FALSE
	EndGlobalSection
EndGlobal
